
Microsoft Visual Studio Solution File, Format Version 12.00
Project("{FAE04EC0-301F-11D3-BF4B-00C04F79EFBC}") = "UserApi", "UserApi\UserApi.csproj", "{CC894BF4-3106-4D3E-BD05-32662D43E73A}"
EndProject
Global
	GlobalSection(SolutionConfigurationPlatforms) = preSolution
		Debug|Any CPU = Debug|Any CPU
		Release|Any CPU = Release|Any CPU
	EndGlobalSection
	GlobalSection(ProjectConfigurationPlatforms) = postSolution
		{CC894BF4-3106-4D3E-BD05-32662D43E73A}.Debug|Any CPU.ActiveCfg = Debug|Any CPU
		{CC894BF4-3106-4D3E-BD05-32662D43E73A}.Debug|Any CPU.Build.0 = Debug|Any CPU
		{CC894BF4-3106-4D3E-BD05-32662D43E73A}.Release|Any CPU.ActiveCfg = Release|Any CPU
		{CC894BF4-3106-4D3E-BD05-32662D43E73A}.Release|Any CPU.Build.0 = Release|Any CPU
	EndGlobalSection
EndGlobal
